{
    "version": 3,
    "terraform_version": "0.11.5",
    "serial": 5,
    "lineage": "b13958fc-a3e9-070a-ec4e-8388b2bd001d",
    "modules": [
        {
            "path": [
                "root"
            ],
            "outputs": {},
            "resources": {
                "aws_ebs_volume.ebs-volume-1": {
                    "type": "aws_ebs_volume",
                    "depends_on": [],
                    "primary": {
                        "id": "vol-072d67b6a802a5301",
                        "attributes": {
                            "arn": "arn:aws:ec2:eu-west-1:844417904538:volume/vol-072d67b6a802a5301",
                            "availability_zone": "eu-west-1a",
                            "encrypted": "false",
                            "id": "vol-072d67b6a802a5301",
                            "size": "20",
                            "snapshot_id": "",
                            "tags.%": "1",
                            "tags.Name": "extra volume data",
                            "type": "gp2"
                        },
                        "meta": {},
                        "tainted": false
                    },
                    "deposed": [],
                    "provider": "provider.aws"
                },
                "aws_eip.nat": {
                    "type": "aws_eip",
                    "depends_on": [],
                    "primary": {
                        "id": "eipalloc-17c1582a",
                        "attributes": {
                            "association_id": "eipassoc-3aa570f7",
                            "domain": "vpc",
                            "id": "eipalloc-17c1582a",
                            "instance": "",
                            "network_interface": "eni-d226e9e0",
                            "private_ip": "10.0.1.163",
                            "public_ip": "34.248.212.140",
                            "tags.%": "0",
                            "vpc": "true"
                        },
                        "meta": {
                            "e2bfb730-ecaa-11e6-8f88-34363bc7c4c0": {
                                "delete": 180000000000,
                                "read": 900000000000,
                                "update": 300000000000
                            }
                        },
                        "tainted": false
                    },
                    "deposed": [],
                    "provider": "provider.aws"
                },
                "aws_instance.example": {
                    "type": "aws_instance",
                    "depends_on": [
                        "aws_key_pair.terraformkey",
                        "aws_security_group.allow-ssh",
                        "aws_subnet.main-public-1"
                    ],
                    "primary": {
                        "id": "i-0b8a9a6d5e6fe0494",
                        "attributes": {
                            "ami": "ami-844e0bf7",
                            "associate_public_ip_address": "true",
                            "availability_zone": "eu-west-1a",
                            "disable_api_termination": "false",
                            "ebs_block_device.#": "1",
                            "ebs_block_device.3846643179.delete_on_termination": "false",
                            "ebs_block_device.3846643179.device_name": "/dev/xvdh",
                            "ebs_block_device.3846643179.encrypted": "false",
                            "ebs_block_device.3846643179.iops": "100",
                            "ebs_block_device.3846643179.snapshot_id": "",
                            "ebs_block_device.3846643179.volume_id": "vol-072d67b6a802a5301",
                            "ebs_block_device.3846643179.volume_size": "20",
                            "ebs_block_device.3846643179.volume_type": "gp2",
                            "ebs_optimized": "false",
                            "ephemeral_block_device.#": "0",
                            "get_password_data": "false",
                            "iam_instance_profile": "",
                            "id": "i-0b8a9a6d5e6fe0494",
                            "instance_state": "running",
                            "instance_type": "t2.micro",
                            "ipv6_addresses.#": "0",
                            "key_name": "terraformkey",
                            "monitoring": "false",
                            "network_interface.#": "0",
                            "network_interface_id": "eni-5c26e96e",
                            "password_data": "",
                            "placement_group": "",
                            "primary_network_interface_id": "eni-5c26e96e",
                            "private_dns": "ip-10-0-1-140.eu-west-1.compute.internal",
                            "private_ip": "10.0.1.140",
                            "public_dns": "ec2-52-49-134-24.eu-west-1.compute.amazonaws.com",
                            "public_ip": "52.49.134.24",
                            "root_block_device.#": "1",
                            "root_block_device.0.delete_on_termination": "true",
                            "root_block_device.0.iops": "100",
                            "root_block_device.0.volume_id": "vol-094af31d015b9b4f0",
                            "root_block_device.0.volume_size": "8",
                            "root_block_device.0.volume_type": "gp2",
                            "security_groups.#": "0",
                            "source_dest_check": "true",
                            "subnet_id": "subnet-acf757e4",
                            "tags.%": "1",
                            "tags.Name": "test instance",
                            "tenancy": "default",
                            "volume_tags.%": "1",
                            "volume_tags.Name": "extra volume data",
                            "vpc_security_group_ids.#": "1",
                            "vpc_security_group_ids.1185049994": "sg-62c6f318"
                        },
                        "meta": {
                            "e2bfb730-ecaa-11e6-8f88-34363bc7c4c0": {
                                "create": 600000000000,
                                "delete": 1200000000000,
                                "update": 600000000000
                            },
                            "schema_version": "1"
                        },
                        "tainted": false
                    },
                    "deposed": [],
                    "provider": "provider.aws"
                },
                "aws_internet_gateway.main-gw": {
                    "type": "aws_internet_gateway",
                    "depends_on": [
                        "aws_vpc.main"
                    ],
                    "primary": {
                        "id": "igw-da3454bd",
                        "attributes": {
                            "id": "igw-da3454bd",
                            "tags.%": "1",
                            "tags.Name": "main",
                            "vpc_id": "vpc-94018ef2"
                        },
                        "meta": {},
                        "tainted": false
                    },
                    "deposed": [],
                    "provider": "provider.aws"
                },
                "aws_key_pair.terraformkey": {
                    "type": "aws_key_pair",
                    "depends_on": [],
                    "primary": {
                        "id": "terraformkey",
                        "attributes": {
                            "fingerprint": "c7:da:58:c1:26:22:f1:08:b3:57:77:01:de:b5:bc:cd",
                            "id": "terraformkey",
                            "key_name": "terraformkey",
                            "public_key": "ssh-rsa AAAAB3NzaC1yc2EAAAADAQABAAABAQDd4ALX/8IZo1WnJBoYs7O3xQ0HtUieKazXjx8pU60OmC4258UIVPt4u5sTGkzo9o+7Dbi8hMBvQHTVPofrjkVwPRB2Ciwdnyc6pQbIIoGqQ5vm9ZnWBzCR4mPRDRt0gXMH92IMqRx2Iz06pUR8FqrZCFblWCJ1EO00weL8Uz/UbFQfjJf6wE7wntbCmNHRgpCq6RPSqgPjnG0uh8JBNEK27YFOy0BCsMXetr1jDS0QAKAlsg1zeJ0ZuWMuhc4j1nXL83q/3+Zid2M5p1YoT2jgvfZ7H1qSa+0+0ufG/yj9gV+nNk5DKaXwmjoTmLG8kS521V7zedV8SvW84zgpS+Ix adriannavarro@GLMAC-000172.local"
                        },
                        "meta": {
                            "schema_version": "1"
                        },
                        "tainted": false
                    },
                    "deposed": [],
                    "provider": "provider.aws"
                },
                "aws_nat_gateway.nat-gw": {
                    "type": "aws_nat_gateway",
                    "depends_on": [
                        "aws_eip.nat",
                        "aws_internet_gateway.main-gw",
                        "aws_subnet.main-public-1"
                    ],
                    "primary": {
                        "id": "nat-0c9d519ebfe62ce98",
                        "attributes": {
                            "allocation_id": "eipalloc-17c1582a",
                            "id": "nat-0c9d519ebfe62ce98",
                            "network_interface_id": "eni-d226e9e0",
                            "private_ip": "10.0.1.163",
                            "public_ip": "34.248.212.140",
                            "subnet_id": "subnet-acf757e4",
                            "tags.%": "0"
                        },
                        "meta": {},
                        "tainted": false
                    },
                    "deposed": [],
                    "provider": "provider.aws"
                },
                "aws_route_table.main-private": {
                    "type": "aws_route_table",
                    "depends_on": [
                        "aws_nat_gateway.nat-gw",
                        "aws_vpc.main"
                    ],
                    "primary": {
                        "id": "rtb-717edb08",
                        "attributes": {
                            "id": "rtb-717edb08",
                            "propagating_vgws.#": "0",
                            "route.#": "1",
                            "route.2352457350.cidr_block": "0.0.0.0/0",
                            "route.2352457350.egress_only_gateway_id": "",
                            "route.2352457350.gateway_id": "",
                            "route.2352457350.instance_id": "",
                            "route.2352457350.ipv6_cidr_block": "",
                            "route.2352457350.nat_gateway_id": "nat-0c9d519ebfe62ce98",
                            "route.2352457350.network_interface_id": "",
                            "route.2352457350.vpc_peering_connection_id": "",
                            "tags.%": "1",
                            "tags.Name": "main-private-1",
                            "vpc_id": "vpc-94018ef2"
                        },
                        "meta": {},
                        "tainted": false
                    },
                    "deposed": [],
                    "provider": "provider.aws"
                },
                "aws_route_table.main-public": {
                    "type": "aws_route_table",
                    "depends_on": [
                        "aws_internet_gateway.main-gw",
                        "aws_vpc.main"
                    ],
                    "primary": {
                        "id": "rtb-ed68cd94",
                        "attributes": {
                            "id": "rtb-ed68cd94",
                            "propagating_vgws.#": "0",
                            "route.#": "1",
                            "route.926018779.cidr_block": "0.0.0.0/0",
                            "route.926018779.egress_only_gateway_id": "",
                            "route.926018779.gateway_id": "igw-da3454bd",
                            "route.926018779.instance_id": "",
                            "route.926018779.ipv6_cidr_block": "",
                            "route.926018779.nat_gateway_id": "",
                            "route.926018779.network_interface_id": "",
                            "route.926018779.vpc_peering_connection_id": "",
                            "tags.%": "1",
                            "tags.Name": "main-public-1",
                            "vpc_id": "vpc-94018ef2"
                        },
                        "meta": {},
                        "tainted": false
                    },
                    "deposed": [],
                    "provider": "provider.aws"
                },
                "aws_route_table_association.main-private-1-a": {
                    "type": "aws_route_table_association",
                    "depends_on": [
                        "aws_route_table.main-private",
                        "aws_subnet.main-private-1"
                    ],
                    "primary": {
                        "id": "rtbassoc-4bfa8933",
                        "attributes": {
                            "id": "rtbassoc-4bfa8933",
                            "route_table_id": "rtb-717edb08",
                            "subnet_id": "subnet-70ee4e38"
                        },
                        "meta": {},
                        "tainted": false
                    },
                    "deposed": [],
                    "provider": "provider.aws"
                },
                "aws_route_table_association.main-private-2-a": {
                    "type": "aws_route_table_association",
                    "depends_on": [
                        "aws_route_table.main-private",
                        "aws_subnet.main-private-2"
                    ],
                    "primary": {
                        "id": "rtbassoc-7af98a02",
                        "attributes": {
                            "id": "rtbassoc-7af98a02",
                            "route_table_id": "rtb-717edb08",
                            "subnet_id": "subnet-fdc1dca6"
                        },
                        "meta": {},
                        "tainted": false
                    },
                    "deposed": [],
                    "provider": "provider.aws"
                },
                "aws_route_table_association.main-private-3-a": {
                    "type": "aws_route_table_association",
                    "depends_on": [
                        "aws_route_table.main-private",
                        "aws_subnet.main-private-3"
                    ],
                    "primary": {
                        "id": "rtbassoc-f3f5868b",
                        "attributes": {
                            "id": "rtbassoc-f3f5868b",
                            "route_table_id": "rtb-717edb08",
                            "subnet_id": "subnet-8f22f1e9"
                        },
                        "meta": {},
                        "tainted": false
                    },
                    "deposed": [],
                    "provider": "provider.aws"
                },
                "aws_route_table_association.main-public-1-a": {
                    "type": "aws_route_table_association",
                    "depends_on": [
                        "aws_route_table.main-public",
                        "aws_subnet.main-public-1"
                    ],
                    "primary": {
                        "id": "rtbassoc-f3f1828b",
                        "attributes": {
                            "id": "rtbassoc-f3f1828b",
                            "route_table_id": "rtb-ed68cd94",
                            "subnet_id": "subnet-acf757e4"
                        },
                        "meta": {},
                        "tainted": false
                    },
                    "deposed": [],
                    "provider": "provider.aws"
                },
                "aws_route_table_association.main-public-2-a": {
                    "type": "aws_route_table_association",
                    "depends_on": [
                        "aws_route_table.main-public",
                        "aws_subnet.main-public-2"
                    ],
                    "primary": {
                        "id": "rtbassoc-18fc8f60",
                        "attributes": {
                            "id": "rtbassoc-18fc8f60",
                            "route_table_id": "rtb-ed68cd94",
                            "subnet_id": "subnet-dff8e584"
                        },
                        "meta": {},
                        "tainted": false
                    },
                    "deposed": [],
                    "provider": "provider.aws"
                },
                "aws_route_table_association.main-public-3-a": {
                    "type": "aws_route_table_association",
                    "depends_on": [
                        "aws_route_table.main-public",
                        "aws_subnet.main-public-3"
                    ],
                    "primary": {
                        "id": "rtbassoc-85fa89fd",
                        "attributes": {
                            "id": "rtbassoc-85fa89fd",
                            "route_table_id": "rtb-ed68cd94",
                            "subnet_id": "subnet-3c3eed5a"
                        },
                        "meta": {},
                        "tainted": false
                    },
                    "deposed": [],
                    "provider": "provider.aws"
                },
                "aws_security_group.allow-ssh": {
                    "type": "aws_security_group",
                    "depends_on": [
                        "aws_vpc.main"
                    ],
                    "primary": {
                        "id": "sg-62c6f318",
                        "attributes": {
                            "arn": "arn:aws:ec2:eu-west-1:844417904538:security-group/sg-62c6f318",
                            "description": "security group that allows ssh and all egress traffic",
                            "egress.#": "1",
                            "egress.482069346.cidr_blocks.#": "1",
                            "egress.482069346.cidr_blocks.0": "0.0.0.0/0",
                            "egress.482069346.description": "",
                            "egress.482069346.from_port": "0",
                            "egress.482069346.ipv6_cidr_blocks.#": "0",
                            "egress.482069346.prefix_list_ids.#": "0",
                            "egress.482069346.protocol": "-1",
                            "egress.482069346.security_groups.#": "0",
                            "egress.482069346.self": "false",
                            "egress.482069346.to_port": "0",
                            "id": "sg-62c6f318",
                            "ingress.#": "1",
                            "ingress.2541437006.cidr_blocks.#": "1",
                            "ingress.2541437006.cidr_blocks.0": "0.0.0.0/0",
                            "ingress.2541437006.description": "",
                            "ingress.2541437006.from_port": "22",
                            "ingress.2541437006.ipv6_cidr_blocks.#": "0",
                            "ingress.2541437006.protocol": "tcp",
                            "ingress.2541437006.security_groups.#": "0",
                            "ingress.2541437006.self": "false",
                            "ingress.2541437006.to_port": "22",
                            "name": "allow-ssh",
                            "owner_id": "844417904538",
                            "revoke_rules_on_delete": "false",
                            "tags.%": "1",
                            "tags.Name": "allow-ssh",
                            "vpc_id": "vpc-94018ef2"
                        },
                        "meta": {
                            "e2bfb730-ecaa-11e6-8f88-34363bc7c4c0": {
                                "create": 600000000000,
                                "delete": 600000000000
                            },
                            "schema_version": "1"
                        },
                        "tainted": false
                    },
                    "deposed": [],
                    "provider": "provider.aws"
                },
                "aws_subnet.main-private-1": {
                    "type": "aws_subnet",
                    "depends_on": [
                        "aws_vpc.main"
                    ],
                    "primary": {
                        "id": "subnet-70ee4e38",
                        "attributes": {
                            "assign_ipv6_address_on_creation": "false",
                            "availability_zone": "eu-west-1a",
                            "cidr_block": "10.0.4.0/24",
                            "id": "subnet-70ee4e38",
                            "map_public_ip_on_launch": "false",
                            "tags.%": "1",
                            "tags.Name": "main-private-1",
                            "vpc_id": "vpc-94018ef2"
                        },
                        "meta": {
                            "schema_version": "1"
                        },
                        "tainted": false
                    },
                    "deposed": [],
                    "provider": "provider.aws"
                },
                "aws_subnet.main-private-2": {
                    "type": "aws_subnet",
                    "depends_on": [
                        "aws_vpc.main"
                    ],
                    "primary": {
                        "id": "subnet-fdc1dca6",
                        "attributes": {
                            "assign_ipv6_address_on_creation": "false",
                            "availability_zone": "eu-west-1b",
                            "cidr_block": "10.0.5.0/24",
                            "id": "subnet-fdc1dca6",
                            "map_public_ip_on_launch": "false",
                            "tags.%": "1",
                            "tags.Name": "main-private-2",
                            "vpc_id": "vpc-94018ef2"
                        },
                        "meta": {
                            "schema_version": "1"
                        },
                        "tainted": false
                    },
                    "deposed": [],
                    "provider": "provider.aws"
                },
                "aws_subnet.main-private-3": {
                    "type": "aws_subnet",
                    "depends_on": [
                        "aws_vpc.main"
                    ],
                    "primary": {
                        "id": "subnet-8f22f1e9",
                        "attributes": {
                            "assign_ipv6_address_on_creation": "false",
                            "availability_zone": "eu-west-1c",
                            "cidr_block": "10.0.6.0/24",
                            "id": "subnet-8f22f1e9",
                            "map_public_ip_on_launch": "false",
                            "tags.%": "1",
                            "tags.Name": "main-private-3",
                            "vpc_id": "vpc-94018ef2"
                        },
                        "meta": {
                            "schema_version": "1"
                        },
                        "tainted": false
                    },
                    "deposed": [],
                    "provider": "provider.aws"
                },
                "aws_subnet.main-public-1": {
                    "type": "aws_subnet",
                    "depends_on": [
                        "aws_vpc.main"
                    ],
                    "primary": {
                        "id": "subnet-acf757e4",
                        "attributes": {
                            "assign_ipv6_address_on_creation": "false",
                            "availability_zone": "eu-west-1a",
                            "cidr_block": "10.0.1.0/24",
                            "id": "subnet-acf757e4",
                            "map_public_ip_on_launch": "true",
                            "tags.%": "1",
                            "tags.Name": "main-public-1",
                            "vpc_id": "vpc-94018ef2"
                        },
                        "meta": {
                            "schema_version": "1"
                        },
                        "tainted": false
                    },
                    "deposed": [],
                    "provider": "provider.aws"
                },
                "aws_subnet.main-public-2": {
                    "type": "aws_subnet",
                    "depends_on": [
                        "aws_vpc.main"
                    ],
                    "primary": {
                        "id": "subnet-dff8e584",
                        "attributes": {
                            "assign_ipv6_address_on_creation": "false",
                            "availability_zone": "eu-west-1b",
                            "cidr_block": "10.0.2.0/24",
                            "id": "subnet-dff8e584",
                            "map_public_ip_on_launch": "true",
                            "tags.%": "1",
                            "tags.Name": "main-public-2",
                            "vpc_id": "vpc-94018ef2"
                        },
                        "meta": {
                            "schema_version": "1"
                        },
                        "tainted": false
                    },
                    "deposed": [],
                    "provider": "provider.aws"
                },
                "aws_subnet.main-public-3": {
                    "type": "aws_subnet",
                    "depends_on": [
                        "aws_vpc.main"
                    ],
                    "primary": {
                        "id": "subnet-3c3eed5a",
                        "attributes": {
                            "assign_ipv6_address_on_creation": "false",
                            "availability_zone": "eu-west-1c",
                            "cidr_block": "10.0.3.0/24",
                            "id": "subnet-3c3eed5a",
                            "map_public_ip_on_launch": "true",
                            "tags.%": "1",
                            "tags.Name": "main-public-3",
                            "vpc_id": "vpc-94018ef2"
                        },
                        "meta": {
                            "schema_version": "1"
                        },
                        "tainted": false
                    },
                    "deposed": [],
                    "provider": "provider.aws"
                },
                "aws_volume_attachment.ebs-volume-1-attachment": {
                    "type": "aws_volume_attachment",
                    "depends_on": [
                        "aws_ebs_volume.ebs-volume-1",
                        "aws_instance.example"
                    ],
                    "primary": {
                        "id": "vai-3322235537",
                        "attributes": {
                            "device_name": "/dev/xvdh",
                            "id": "vai-3322235537",
                            "instance_id": "i-0b8a9a6d5e6fe0494",
                            "volume_id": "vol-072d67b6a802a5301"
                        },
                        "meta": {},
                        "tainted": false
                    },
                    "deposed": [],
                    "provider": "provider.aws"
                },
                "aws_vpc.main": {
                    "type": "aws_vpc",
                    "depends_on": [],
                    "primary": {
                        "id": "vpc-94018ef2",
                        "attributes": {
                            "assign_generated_ipv6_cidr_block": "false",
                            "cidr_block": "10.0.0.0/16",
                            "default_network_acl_id": "acl-fff2cb99",
                            "default_route_table_id": "rtb-467fda3f",
                            "default_security_group_id": "sg-d2c1f4a8",
                            "dhcp_options_id": "dopt-6dcf7208",
                            "enable_classiclink": "false",
                            "enable_classiclink_dns_support": "false",
                            "enable_dns_hostnames": "true",
                            "enable_dns_support": "true",
                            "id": "vpc-94018ef2",
                            "instance_tenancy": "default",
                            "main_route_table_id": "rtb-467fda3f",
                            "tags.%": "1",
                            "tags.Name": "main"
                        },
                        "meta": {
                            "schema_version": "1"
                        },
                        "tainted": false
                    },
                    "deposed": [],
                    "provider": "provider.aws"
                }
            },
            "depends_on": []
        }
    ]
}
